// !$*UTF8*$!
{
	archiveVersion = 1;
	classes = {
	};
	objectVersion = 46;
	objects = {

/* Begin PBXBuildFile section */
		09029D061ECAE657004EE3B0 /* AppDelegate.swift in Sources */ = {isa = PBXBuildFile; fileRef = 09029D051ECAE657004EE3B0 /* AppDelegate.swift */; };
		09029D081ECAE657004EE3B0 /* ViewController.swift in Sources */ = {isa = PBXBuildFile; fileRef = 09029D071ECAE657004EE3B0 /* ViewController.swift */; };
		09029D0B1ECAE657004EE3B0 /* Serve.xcdatamodeld in Sources */ = {isa = PBXBuildFile; fileRef = 09029D091ECAE657004EE3B0 /* Serve.xcdatamodeld */; };
		09029D0D1ECAE657004EE3B0 /* Assets.xcassets in Resources */ = {isa = PBXBuildFile; fileRef = 09029D0C1ECAE657004EE3B0 /* Assets.xcassets */; };
		09029D101ECAE657004EE3B0 /* Main.storyboard in Resources */ = {isa = PBXBuildFile; fileRef = 09029D0E1ECAE657004EE3B0 /* Main.storyboard */; };
		09029D1B1ECAE657004EE3B0 /* ServeTests.swift in Sources */ = {isa = PBXBuildFile; fileRef = 09029D1A1ECAE657004EE3B0 /* ServeTests.swift */; };
		09029D261ECAE657004EE3B0 /* ServeUITests.swift in Sources */ = {isa = PBXBuildFile; fileRef = 09029D251ECAE657004EE3B0 /* ServeUITests.swift */; };
		09029D5C1ECAEBAE004EE3B0 /* ysocket.swift in Sources */ = {isa = PBXBuildFile; fileRef = 09029D571ECAEBAE004EE3B0 /* ysocket.swift */; };
		09029D5D1ECAEBAE004EE3B0 /* ytcpsocket.c in Sources */ = {isa = PBXBuildFile; fileRef = 09029D581ECAEBAE004EE3B0 /* ytcpsocket.c */; };
		09029D5E1ECAEBAE004EE3B0 /* ytcpsocket.swift in Sources */ = {isa = PBXBuildFile; fileRef = 09029D591ECAEBAE004EE3B0 /* ytcpsocket.swift */; };
		09029D5F1ECAEBAE004EE3B0 /* yudpsocket.c in Sources */ = {isa = PBXBuildFile; fileRef = 09029D5A1ECAEBAE004EE3B0 /* yudpsocket.c */; };
		09029D601ECAEBAE004EE3B0 /* yudpsocket.swift in Sources */ = {isa = PBXBuildFile; fileRef = 09029D5B1ECAEBAE004EE3B0 /* yudpsocket.swift */; };
		092818B91ECCAADE00F7A458 /* ZYSocketManager.swift in Sources */ = {isa = PBXBuildFile; fileRef = 092818B81ECCAADE00F7A458 /* ZYSocketManager.swift */; };
		092818BF1ECCB3F200F7A458 /* ZYClientManager.swift in Sources */ = {isa = PBXBuildFile; fileRef = 092818BE1ECCB3F200F7A458 /* ZYClientManager.swift */; };
		09D449C31ED2C3F20088D3B0 /* IMMessage.proto in Resources */ = {isa = PBXBuildFile; fileRef = 09D449C21ED2C3F20088D3B0 /* IMMessage.proto */; };
		09D449CA1ED2C41F0088D3B0 /* Immessage.proto.swift in Sources */ = {isa = PBXBuildFile; fileRef = 09D449C91ED2C41F0088D3B0 /* Immessage.proto.swift */; };
		09E2E35B1ECEEF99007015E9 /* ProtocolBuffers.framework in Frameworks */ = {isa = PBXBuildFile; fileRef = 09E2E3561ECEEF88007015E9 /* ProtocolBuffers.framework */; };
/* End PBXBuildFile section */

/* Begin PBXContainerItemProxy section */
		09029D171ECAE657004EE3B0 /* PBXContainerItemProxy */ = {
			isa = PBXContainerItemProxy;
			containerPortal = 09029CFA1ECAE657004EE3B0 /* Project object */;
			proxyType = 1;
			remoteGlobalIDString = 09029D011ECAE657004EE3B0;
			remoteInfo = Serve;
		};
		09029D221ECAE657004EE3B0 /* PBXContainerItemProxy */ = {
			isa = PBXContainerItemProxy;
			containerPortal = 09029CFA1ECAE657004EE3B0 /* Project object */;
			proxyType = 1;
			remoteGlobalIDString = 09029D011ECAE657004EE3B0;
			remoteInfo = Serve;
		};
		09E2E3511ECEEF88007015E9 /* PBXContainerItemProxy */ = {
			isa = PBXContainerItemProxy;
			containerPortal = 09E2E3491ECEEF88007015E9 /* ProtocolBuffers.xcodeproj */;
			proxyType = 2;
			remoteGlobalIDString = 3F85569919C71BCF003802F2;
			remoteInfo = ProtocolBuffers;
		};
		09E2E3531ECEEF88007015E9 /* PBXContainerItemProxy */ = {
			isa = PBXContainerItemProxy;
			containerPortal = 09E2E3491ECEEF88007015E9 /* ProtocolBuffers.xcodeproj */;
			proxyType = 2;
			remoteGlobalIDString = 3F8556A419C71BCF003802F2;
			remoteInfo = UnitTesting;
		};
		09E2E3551ECEEF88007015E9 /* PBXContainerItemProxy */ = {
			isa = PBXContainerItemProxy;
			containerPortal = 09E2E3491ECEEF88007015E9 /* ProtocolBuffers.xcodeproj */;
			proxyType = 2;
			remoteGlobalIDString = 3F41061C1A1A667700742090;
			remoteInfo = "ProtocolBuffers(OSX)";
		};
		09E2E3571ECEEF88007015E9 /* PBXContainerItemProxy */ = {
			isa = PBXContainerItemProxy;
			containerPortal = 09E2E3491ECEEF88007015E9 /* ProtocolBuffers.xcodeproj */;
			proxyType = 2;
			remoteGlobalIDString = 3F4106261A1A667800742090;
			remoteInfo = "UnitTesting(OSX)";
		};
		09E2E3591ECEEF88007015E9 /* PBXContainerItemProxy */ = {
			isa = PBXContainerItemProxy;
			containerPortal = 09E2E3491ECEEF88007015E9 /* ProtocolBuffers.xcodeproj */;
			proxyType = 2;
			remoteGlobalIDString = 3F31A1A91BA199C000F477C1;
			remoteInfo = "ProtocolBuffers(watchOS)";
		};
/* End PBXContainerItemProxy section */

/* Begin PBXFileReference section */
		09029D021ECAE657004EE3B0 /* Serve.app */ = {isa = PBXFileReference; explicitFileType = wrapper.application; includeInIndex = 0; path = Serve.app; sourceTree = BUILT_PRODUCTS_DIR; };
		09029D051ECAE657004EE3B0 /* AppDelegate.swift */ = {isa = PBXFileReference; lastKnownFileType = sourcecode.swift; path = AppDelegate.swift; sourceTree = "<group>"; };
		09029D071ECAE657004EE3B0 /* ViewController.swift */ = {isa = PBXFileReference; lastKnownFileType = sourcecode.swift; path = ViewController.swift; sourceTree = "<group>"; };
		09029D0A1ECAE657004EE3B0 /* Serve.xcdatamodel */ = {isa = PBXFileReference; lastKnownFileType = wrapper.xcdatamodel; path = Serve.xcdatamodel; sourceTree = "<group>"; };
		09029D0C1ECAE657004EE3B0 /* Assets.xcassets */ = {isa = PBXFileReference; lastKnownFileType = folder.assetcatalog; path = Assets.xcassets; sourceTree = "<group>"; };
		09029D0F1ECAE657004EE3B0 /* Base */ = {isa = PBXFileReference; lastKnownFileType = file.storyboard; name = Base; path = Base.lproj/Main.storyboard; sourceTree = "<group>"; };
		09029D111ECAE657004EE3B0 /* Info.plist */ = {isa = PBXFileReference; lastKnownFileType = text.plist.xml; path = Info.plist; sourceTree = "<group>"; };
		09029D161ECAE657004EE3B0 /* ServeTests.xctest */ = {isa = PBXFileReference; explicitFileType = wrapper.cfbundle; includeInIndex = 0; path = ServeTests.xctest; sourceTree = BUILT_PRODUCTS_DIR; };
		09029D1A1ECAE657004EE3B0 /* ServeTests.swift */ = {isa = PBXFileReference; lastKnownFileType = sourcecode.swift; path = ServeTests.swift; sourceTree = "<group>"; };
		09029D1C1ECAE657004EE3B0 /* Info.plist */ = {isa = PBXFileReference; lastKnownFileType = text.plist.xml; path = Info.plist; sourceTree = "<group>"; };
		09029D211ECAE657004EE3B0 /* ServeUITests.xctest */ = {isa = PBXFileReference; explicitFileType = wrapper.cfbundle; includeInIndex = 0; path = ServeUITests.xctest; sourceTree = BUILT_PRODUCTS_DIR; };
		09029D251ECAE657004EE3B0 /* ServeUITests.swift */ = {isa = PBXFileReference; lastKnownFileType = sourcecode.swift; path = ServeUITests.swift; sourceTree = "<group>"; };
		09029D271ECAE657004EE3B0 /* Info.plist */ = {isa = PBXFileReference; lastKnownFileType = text.plist.xml; path = Info.plist; sourceTree = "<group>"; };
		09029D571ECAEBAE004EE3B0 /* ysocket.swift */ = {isa = PBXFileReference; fileEncoding = 4; lastKnownFileType = sourcecode.swift; path = ysocket.swift; sourceTree = "<group>"; };
		09029D581ECAEBAE004EE3B0 /* ytcpsocket.c */ = {isa = PBXFileReference; fileEncoding = 4; lastKnownFileType = sourcecode.c.c; path = ytcpsocket.c; sourceTree = "<group>"; };
		09029D591ECAEBAE004EE3B0 /* ytcpsocket.swift */ = {isa = PBXFileReference; fileEncoding = 4; lastKnownFileType = sourcecode.swift; path = ytcpsocket.swift; sourceTree = "<group>"; };
		09029D5A1ECAEBAE004EE3B0 /* yudpsocket.c */ = {isa = PBXFileReference; fileEncoding = 4; lastKnownFileType = sourcecode.c.c; path = yudpsocket.c; sourceTree = "<group>"; };
		09029D5B1ECAEBAE004EE3B0 /* yudpsocket.swift */ = {isa = PBXFileReference; fileEncoding = 4; lastKnownFileType = sourcecode.swift; path = yudpsocket.swift; sourceTree = "<group>"; };
		092818B81ECCAADE00F7A458 /* ZYSocketManager.swift */ = {isa = PBXFileReference; fileEncoding = 4; lastKnownFileType = sourcecode.swift; path = ZYSocketManager.swift; sourceTree = "<group>"; };
		092818BE1ECCB3F200F7A458 /* ZYClientManager.swift */ = {isa = PBXFileReference; fileEncoding = 4; lastKnownFileType = sourcecode.swift; path = ZYClientManager.swift; sourceTree = "<group>"; };
		09D449C21ED2C3F20088D3B0 /* IMMessage.proto */ = {isa = PBXFileReference; fileEncoding = 4; lastKnownFileType = text; path = IMMessage.proto; sourceTree = "<group>"; };
		09D449C91ED2C41F0088D3B0 /* Immessage.proto.swift */ = {isa = PBXFileReference; fileEncoding = 4; lastKnownFileType = sourcecode.swift; path = Immessage.proto.swift; sourceTree = "<group>"; };
		09E2E3491ECEEF88007015E9 /* ProtocolBuffers.xcodeproj */ = {isa = PBXFileReference; lastKnownFileType = "wrapper.pb-project"; path = ProtocolBuffers.xcodeproj; sourceTree = SOURCE_ROOT; };
/* End PBXFileReference section */

/* Begin PBXFrameworksBuildPhase section */
		09029CFF1ECAE657004EE3B0 /* Frameworks */ = {
			isa = PBXFrameworksBuildPhase;
			buildActionMask = 2147483647;
			files = (
				09E2E35B1ECEEF99007015E9 /* ProtocolBuffers.framework in Frameworks */,
			);
			runOnlyForDeploymentPostprocessing = 0;
		};
		09029D131ECAE657004EE3B0 /* Frameworks */ = {
			isa = PBXFrameworksBuildPhase;
			buildActionMask = 2147483647;
			files = (
			);
			runOnlyForDeploymentPostprocessing = 0;
		};
		09029D1E1ECAE657004EE3B0 /* Frameworks */ = {
			isa = PBXFrameworksBuildPhase;
			buildActionMask = 2147483647;
			files = (
			);
			runOnlyForDeploymentPostprocessing = 0;
		};
/* End PBXFrameworksBuildPhase section */

/* Begin PBXGroup section */
		09029CF91ECAE657004EE3B0 = {
			isa = PBXGroup;
			children = (
				09029D041ECAE657004EE3B0 /* Serve */,
				09029D191ECAE657004EE3B0 /* ServeTests */,
				09029D241ECAE657004EE3B0 /* ServeUITests */,
				09029D031ECAE657004EE3B0 /* Products */,
			);
			sourceTree = "<group>";
		};
		09029D031ECAE657004EE3B0 /* Products */ = {
			isa = PBXGroup;
			children = (
				09029D021ECAE657004EE3B0 /* Serve.app */,
				09029D161ECAE657004EE3B0 /* ServeTests.xctest */,
				09029D211ECAE657004EE3B0 /* ServeUITests.xctest */,
			);
			name = Products;
			sourceTree = "<group>";
		};
		09029D041ECAE657004EE3B0 /* Serve */ = {
			isa = PBXGroup;
			children = (
				09029D551ECAEBAE004EE3B0 /* ZYSocket */,
				09029D051ECAE657004EE3B0 /* AppDelegate.swift */,
				09029D071ECAE657004EE3B0 /* ViewController.swift */,
				09029D0C1ECAE657004EE3B0 /* Assets.xcassets */,
				09029D0E1ECAE657004EE3B0 /* Main.storyboard */,
				09029D111ECAE657004EE3B0 /* Info.plist */,
				09029D091ECAE657004EE3B0 /* Serve.xcdatamodeld */,
				09D449C21ED2C3F20088D3B0 /* IMMessage.proto */,
				09D449C91ED2C41F0088D3B0 /* Immessage.proto.swift */,
				09E2E3491ECEEF88007015E9 /* ProtocolBuffers.xcodeproj */,
			);
			path = Serve;
			sourceTree = "<group>";
		};
		09029D191ECAE657004EE3B0 /* ServeTests */ = {
			isa = PBXGroup;
			children = (
				09029D1A1ECAE657004EE3B0 /* ServeTests.swift */,
				09029D1C1ECAE657004EE3B0 /* Info.plist */,
			);
			path = ServeTests;
			sourceTree = "<group>";
		};
		09029D241ECAE657004EE3B0 /* ServeUITests */ = {
			isa = PBXGroup;
			children = (
				09029D251ECAE657004EE3B0 /* ServeUITests.swift */,
				09029D271ECAE657004EE3B0 /* Info.plist */,
			);
			path = ServeUITests;
			sourceTree = "<group>";
		};
		09029D551ECAEBAE004EE3B0 /* ZYSocket */ = {
			isa = PBXGroup;
			children = (
				09029D561ECAEBAE004EE3B0 /* ysocket */,
				092818B81ECCAADE00F7A458 /* ZYSocketManager.swift */,
				092818BE1ECCB3F200F7A458 /* ZYClientManager.swift */,
			);
			path = ZYSocket;
			sourceTree = "<group>";
		};
		09029D561ECAEBAE004EE3B0 /* ysocket */ = {
			isa = PBXGroup;
			children = (
				09029D571ECAEBAE004EE3B0 /* ysocket.swift */,
				09029D581ECAEBAE004EE3B0 /* ytcpsocket.c */,
				09029D591ECAEBAE004EE3B0 /* ytcpsocket.swift */,
				09029D5A1ECAEBAE004EE3B0 /* yudpsocket.c */,
				09029D5B1ECAEBAE004EE3B0 /* yudpsocket.swift */,
			);
			path = ysocket;
			sourceTree = "<group>";
		};
		09E2E34A1ECEEF88007015E9 /* Products */ = {
			isa = PBXGroup;
			children = (
				09E2E3521ECEEF88007015E9 /* ProtocolBuffers.framework */,
				09E2E3541ECEEF88007015E9 /* ProtocolBuffersTests.xctest */,
				09E2E3561ECEEF88007015E9 /* ProtocolBuffers.framework */,
				09E2E3581ECEEF88007015E9 /* UnitTesting(OSX).xctest */,
				09E2E35A1ECEEF88007015E9 /* ProtocolBuffers.framework */,
			);
			name = Products;
			sourceTree = "<group>";
		};
/* End PBXGroup section */

/* Begin PBXNativeTarget section */
		09029D011ECAE657004EE3B0 /* Serve */ = {
			isa = PBXNativeTarget;
			buildConfigurationList = 09029D2A1ECAE657004EE3B0 /* Build configuration list for PBXNativeTarget "Serve" */;
			buildPhases = (
				09029CFE1ECAE657004EE3B0 /* Sources */,
				09029CFF1ECAE657004EE3B0 /* Frameworks */,
				09029D001ECAE657004EE3B0 /* Resources */,
			);
			buildRules = (
			);
			dependencies = (
			);
			name = Serve;
			productName = Serve;
			productReference = 09029D021ECAE657004EE3B0 /* Serve.app */;
			productType = "com.apple.product-type.application";
		};
		09029D151ECAE657004EE3B0 /* ServeTests */ = {
			isa = PBXNativeTarget;
			buildConfigurationList = 09029D2D1ECAE657004EE3B0 /* Build configuration list for PBXNativeTarget "ServeTests" */;
			buildPhases = (
				09029D121ECAE657004EE3B0 /* Sources */,
				09029D131ECAE657004EE3B0 /* Frameworks */,
				09029D141ECAE657004EE3B0 /* Resources */,
			);
			buildRules = (
			);
			dependencies = (
				09029D181ECAE657004EE3B0 /* PBXTargetDependency */,
			);
			name = ServeTests;
			productName = ServeTests;
			productReference = 09029D161ECAE657004EE3B0 /* ServeTests.xctest */;
			productType = "com.apple.product-type.bundle.unit-test";
		};
		09029D201ECAE657004EE3B0 /* ServeUITests */ = {
			isa = PBXNativeTarget;
			buildConfigurationList = 09029D301ECAE657004EE3B0 /* Build configuration list for PBXNativeTarget "ServeUITests" */;
			buildPhases = (
				09029D1D1ECAE657004EE3B0 /* Sources */,
				09029D1E1ECAE657004EE3B0 /* Frameworks */,
				09029D1F1ECAE657004EE3B0 /* Resources */,
			);
			buildRules = (
			);
			dependencies = (
				09029D231ECAE657004EE3B0 /* PBXTargetDependency */,
			);
			name = ServeUITests;
			productName = ServeUITests;
			productReference = 09029D211ECAE657004EE3B0 /* ServeUITests.xctest */;
			productType = "com.apple.product-type.bundle.ui-testing";
		};
/* End PBXNativeTarget section */

/* Begin PBXProject section */
		09029CFA1ECAE657004EE3B0 /* Project object */ = {
			isa = PBXProject;
			attributes = {
				LastSwiftUpdateCheck = 0830;
				LastUpgradeCheck = 0830;
				ORGANIZATIONNAME = "王志盼";
				TargetAttributes = {
					09029D011ECAE657004EE3B0 = {
						CreatedOnToolsVersion = 8.3.2;
						DevelopmentTeam = T6FCKHRT95;
						ProvisioningStyle = Automatic;
					};
					09029D151ECAE657004EE3B0 = {
						CreatedOnToolsVersion = 8.3.2;
						DevelopmentTeam = T6FCKHRT95;
						ProvisioningStyle = Automatic;
						TestTargetID = 09029D011ECAE657004EE3B0;
					};
					09029D201ECAE657004EE3B0 = {
						CreatedOnToolsVersion = 8.3.2;
						DevelopmentTeam = T6FCKHRT95;
						ProvisioningStyle = Automatic;
						TestTargetID = 09029D011ECAE657004EE3B0;
					};
				};
			};
			buildConfigurationList = 09029CFD1ECAE657004EE3B0 /* Build configuration list for PBXProject "Serve" */;
			compatibilityVersion = "Xcode 3.2";
			developmentRegion = English;
			hasScannedForEncodings = 0;
			knownRegions = (
				en,
				Base,
			);
			mainGroup = 09029CF91ECAE657004EE3B0;
			productRefGroup = 09029D031ECAE657004EE3B0 /* Products */;
			projectDirPath = "";
			projectReferences = (
				{
					ProductGroup = 09E2E34A1ECEEF88007015E9 /* Products */;
					ProjectRef = 09E2E3491ECEEF88007015E9 /* ProtocolBuffers.xcodeproj */;
				},
			);
			projectRoot = "";
			targets = (
				09029D011ECAE657004EE3B0 /* Serve */,
				09029D151ECAE657004EE3B0 /* ServeTests */,
				09029D201ECAE657004EE3B0 /* ServeUITests */,
			);
		};
/* End PBXProject section */

/* Begin PBXReferenceProxy section */
		09E2E3521ECEEF88007015E9 /* ProtocolBuffers.framework */ = {
			isa = PBXReferenceProxy;
			fileType = wrapper.framework;
			path = ProtocolBuffers.framework;
			remoteRef = 09E2E3511ECEEF88007015E9 /* PBXContainerItemProxy */;
			sourceTree = BUILT_PRODUCTS_DIR;
		};
		09E2E3541ECEEF88007015E9 /* ProtocolBuffersTests.xctest */ = {
			isa = PBXReferenceProxy;
			fileType = wrapper.cfbundle;
			path = ProtocolBuffersTests.xctest;
			remoteRef = 09E2E3531ECEEF88007015E9 /* PBXContainerItemProxy */;
			sourceTree = BUILT_PRODUCTS_DIR;
		};
		09E2E3561ECEEF88007015E9 /* ProtocolBuffers.framework */ = {
			isa = PBXReferenceProxy;
			fileType = wrapper.framework;
			path = ProtocolBuffers.framework;
			remoteRef = 09E2E3551ECEEF88007015E9 /* PBXContainerItemProxy */;
			sourceTree = BUILT_PRODUCTS_DIR;
		};
		09E2E3581ECEEF88007015E9 /* UnitTesting(OSX).xctest */ = {
			isa = PBXReferenceProxy;
			fileType = wrapper.cfbundle;
			path = "UnitTesting(OSX).xctest";
			remoteRef = 09E2E3571ECEEF88007015E9 /* PBXContainerItemProxy */;
			sourceTree = BUILT_PRODUCTS_DIR;
		};
		09E2E35A1ECEEF88007015E9 /* ProtocolBuffers.framework */ = {
			isa = PBXReferenceProxy;
			fileType = wrapper.framework;
			path = ProtocolBuffers.framework;
			remoteRef = 09E2E3591ECEEF88007015E9 /* PBXContainerItemProxy */;
			sourceTree = BUILT_PRODUCTS_DIR;
		};
/* End PBXReferenceProxy section */

/* Begin PBXResourcesBuildPhase section */
		09029D001ECAE657004EE3B0 /* Resources */ = {
			isa = PBXResourcesBuildPhase;
			buildActionMask = 2147483647;
			files = (
				09D449C31ED2C3F20088D3B0 /* IMMessage.proto in Resources */,
				09029D0D1ECAE657004EE3B0 /* Assets.xcassets in Resources */,
				09029D101ECAE657004EE3B0 /* Main.storyboard in Resources */,
			);
			runOnlyForDeploymentPostprocessing = 0;
		};
		09029D141ECAE657004EE3B0 /* Resources */ = {
			isa = PBXResourcesBuildPhase;
			buildActionMask = 2147483647;
			files = (
			);
			runOnlyForDeploymentPostprocessing = 0;
		};
		09029D1F1ECAE657004EE3B0 /* Resources */ = {
			isa = PBXResourcesBuildPhase;
			buildActionMask = 2147483647;
			files = (
			);
			runOnlyForDeploymentPostprocessing = 0;
		};
/* End PBXResourcesBuildPhase section */

/* Begin PBXSourcesBuildPhase section */
		09029CFE1ECAE657004EE3B0 /* Sources */ = {
			isa = PBXSourcesBuildPhase;
			buildActionMask = 2147483647;
			files = (
				09029D5E1ECAEBAE004EE3B0 /* ytcpsocket.swift in Sources */,
				09029D081ECAE657004EE3B0 /* ViewController.swift in Sources */,
				09029D061ECAE657004EE3B0 /* AppDelegate.swift in Sources */,
				092818B91ECCAADE00F7A458 /* ZYSocketManager.swift in Sources */,
				09029D5C1ECAEBAE004EE3B0 /* ysocket.swift in Sources */,
				092818BF1ECCB3F200F7A458 /* ZYClientManager.swift in Sources */,
				09029D0B1ECAE657004EE3B0 /* Serve.xcdatamodeld in Sources */,
				09029D5D1ECAEBAE004EE3B0 /* ytcpsocket.c in Sources */,
				09029D601ECAEBAE004EE3B0 /* yudpsocket.swift in Sources */,
				09D449CA1ED2C41F0088D3B0 /* Immessage.proto.swift in Sources */,
				09029D5F1ECAEBAE004EE3B0 /* yudpsocket.c in Sources */,
			);
			runOnlyForDeploymentPostprocessing = 0;
		};
		09029D121ECAE657004EE3B0 /* Sources */ = {
			isa = PBXSourcesBuildPhase;
			buildActionMask = 2147483647;
			files = (
				09029D1B1ECAE657004EE3B0 /* ServeTests.swift in Sources */,
			);
			runOnlyForDeploymentPostprocessing = 0;
		};
		09029D1D1ECAE657004EE3B0 /* Sources */ = {
			isa = PBXSourcesBuildPhase;
			buildActionMask = 2147483647;
			files = (
				09029D261ECAE657004EE3B0 /* ServeUITests.swift in Sources */,
			);
			runOnlyForDeploymentPostprocessing = 0;
		};
/* End PBXSourcesBuildPhase section */

/* Begin PBXTargetDependency section */
		09029D181ECAE657004EE3B0 /* PBXTargetDependency */ = {
			isa = PBXTargetDependency;
			target = 09029D011ECAE657004EE3B0 /* Serve */;
			targetProxy = 09029D171ECAE657004EE3B0 /* PBXContainerItemProxy */;
		};
		09029D231ECAE657004EE3B0 /* PBXTargetDependency */ = {
			isa = PBXTargetDependency;
			target = 09029D011ECAE657004EE3B0 /* Serve */;
			targetProxy = 09029D221ECAE657004EE3B0 /* PBXContainerItemProxy */;
		};
/* End PBXTargetDependency section */

/* Begin PBXVariantGroup section */
		09029D0E1ECAE657004EE3B0 /* Main.storyboard */ = {
			isa = PBXVariantGroup;
			children = (
				09029D0F1ECAE657004EE3B0 /* Base */,
			);
			name = Main.storyboard;
			sourceTree = "<group>";
		};
/* End PBXVariantGroup section */

/* Begin XCBuildConfiguration section */
		09029D281ECAE657004EE3B0 /* Debug */ = {
			isa = XCBuildConfiguration;
			buildSettings = {
				ALWAYS_SEARCH_USER_PATHS = NO;
				CLANG_ANALYZER_NONNULL = YES;
				CLANG_ANALYZER_NUMBER_OBJECT_CONVERSION = YES_AGGRESSIVE;
				CLANG_CXX_LANGUAGE_STANDARD = "gnu++0x";
				CLANG_CXX_LIBRARY = "libc++";
				CLANG_ENABLE_MODULES = YES;
				CLANG_ENABLE_OBJC_ARC = YES;
				CLANG_WARN_BOOL_CONVERSION = YES;
				CLANG_WARN_CONSTANT_CONVERSION = YES;
				CLANG_WARN_DIRECT_OBJC_ISA_USAGE = YES_ERROR;
				CLANG_WARN_DOCUMENTATION_COMMENTS = YES;
				CLANG_WARN_EMPTY_BODY = YES;
				CLANG_WARN_ENUM_CONVERSION = YES;
				CLANG_WARN_INFINITE_RECURSION = YES;
				CLANG_WARN_INT_CONVERSION = YES;
				CLANG_WARN_OBJC_ROOT_CLASS = YES_ERROR;
				CLANG_WARN_SUSPICIOUS_MOVE = YES;
				CLANG_WARN_UNREACHABLE_CODE = YES;
				CLANG_WARN__DUPLICATE_METHOD_MATCH = YES;
				CODE_SIGN_IDENTITY = "-";
				COPY_PHASE_STRIP = NO;
				DEBUG_INFORMATION_FORMAT = dwarf;
				ENABLE_STRICT_OBJC_MSGSEND = YES;
				ENABLE_TESTABILITY = YES;
				GCC_C_LANGUAGE_STANDARD = gnu99;
				GCC_DYNAMIC_NO_PIC = NO;
				GCC_NO_COMMON_BLOCKS = YES;
				GCC_OPTIMIZATION_LEVEL = 0;
				GCC_PREPROCESSOR_DEFINITIONS = (
					"DEBUG=1",
					"$(inherited)",
				);
				GCC_WARN_64_TO_32_BIT_CONVERSION = YES;
				GCC_WARN_ABOUT_RETURN_TYPE = YES_ERROR;
				GCC_WARN_UNDECLARED_SELECTOR = YES;
				GCC_WARN_UNINITIALIZED_AUTOS = YES_AGGRESSIVE;
				GCC_WARN_UNUSED_FUNCTION = YES;
				GCC_WARN_UNUSED_VARIABLE = YES;
				MACOSX_DEPLOYMENT_TARGET = 10.12;
				MTL_ENABLE_DEBUG_INFO = YES;
				ONLY_ACTIVE_ARCH = YES;
				SDKROOT = macosx;
				SWIFT_ACTIVE_COMPILATION_CONDITIONS = DEBUG;
				SWIFT_OPTIMIZATION_LEVEL = "-Onone";
			};
			name = Debug;
		};
		09029D291ECAE657004EE3B0 /* Release */ = {
			isa = XCBuildConfiguration;
			buildSettings = {
				ALWAYS_SEARCH_USER_PATHS = NO;
				CLANG_ANALYZER_NONNULL = YES;
				CLANG_ANALYZER_NUMBER_OBJECT_CONVERSION = YES_AGGRESSIVE;
				CLANG_CXX_LANGUAGE_STANDARD = "gnu++0x";
				CLANG_CXX_LIBRARY = "libc++";
				CLANG_ENABLE_MODULES = YES;
				CLANG_ENABLE_OBJC_ARC = YES;
				CLANG_WARN_BOOL_CONVERSION = YES;
				CLANG_WARN_CONSTANT_CONVERSION = YES;
				CLANG_WARN_DIRECT_OBJC_ISA_USAGE = YES_ERROR;
				CLANG_WARN_DOCUMENTATION_COMMENTS = YES;
				CLANG_WARN_EMPTY_BODY = YES;
				CLANG_WARN_ENUM_CONVERSION = YES;
				CLANG_WARN_INFINITE_RECURSION = YES;
				CLANG_WARN_INT_CONVERSION = YES;
				CLANG_WARN_OBJC_ROOT_CLASS = YES_ERROR;
				CLANG_WARN_SUSPICIOUS_MOVE = YES;
				CLANG_WARN_UNREACHABLE_CODE = YES;
				CLANG_WARN__DUPLICATE_METHOD_MATCH = YES;
				CODE_SIGN_IDENTITY = "-";
				COPY_PHASE_STRIP = NO;
				DEBUG_INFORMATION_FORMAT = "dwarf-with-dsym";
				ENABLE_NS_ASSERTIONS = NO;
				ENABLE_STRICT_OBJC_MSGSEND = YES;
				GCC_C_LANGUAGE_STANDARD = gnu99;
				GCC_NO_COMMON_BLOCKS = YES;
				GCC_WARN_64_TO_32_BIT_CONVERSION = YES;
				GCC_WARN_ABOUT_RETURN_TYPE = YES_ERROR;
				GCC_WARN_UNDECLARED_SELECTOR = YES;
				GCC_WARN_UNINITIALIZED_AUTOS = YES_AGGRESSIVE;
				GCC_WARN_UNUSED_FUNCTION = YES;
				GCC_WARN_UNUSED_VARIABLE = YES;
				MACOSX_DEPLOYMENT_TARGET = 10.12;
				MTL_ENABLE_DEBUG_INFO = NO;
				SDKROOT = macosx;
				SWIFT_OPTIMIZATION_LEVEL = "-Owholemodule";
			};
			name = Release;
		};
		09029D2B1ECAE657004EE3B0 /* Debug */ = {
			isa = XCBuildConfiguration;
			buildSettings = {
				ASSETCATALOG_COMPILER_APPICON_NAME = AppIcon;
				COMBINE_HIDPI_IMAGES = YES;
				DEVELOPMENT_TEAM = T6FCKHRT95;
				INFOPLIST_FILE = Serve/Info.plist;
				LD_RUNPATH_SEARCH_PATHS = "$(inherited) @executable_path/../Frameworks";
				PRODUCT_BUNDLE_IDENTIFIER = com.chutong.www.Serve;
				PRODUCT_NAME = "$(TARGET_NAME)";
				SWIFT_VERSION = 3.0;
			};
			name = Debug;
		};
		09029D2C1ECAE657004EE3B0 /* Release */ = {
			isa = XCBuildConfiguration;
			buildSettings = {
				ASSETCATALOG_COMPILER_APPICON_NAME = AppIcon;
				COMBINE_HIDPI_IMAGES = YES;
				DEVELOPMENT_TEAM = T6FCKHRT95;
				INFOPLIST_FILE = Serve/Info.plist;
				LD_RUNPATH_SEARCH_PATHS = "$(inherited) @executable_path/../Frameworks";
				PRODUCT_BUNDLE_IDENTIFIER = com.chutong.www.Serve;
				PRODUCT_NAME = "$(TARGET_NAME)";
				SWIFT_VERSION = 3.0;
			};
			name = Release;
		};
		09029D2E1ECAE657004EE3B0 /* Debug */ = {
			isa = XCBuildConfiguration;
			buildSettings = {
				ALWAYS_EMBED_SWIFT_STANDARD_LIBRARIES = YES;
				BUNDLE_LOADER = "$(TEST_HOST)";
				COMBINE_HIDPI_IMAGES = YES;
				DEVELOPMENT_TEAM = T6FCKHRT95;
				INFOPLIST_FILE = ServeTests/Info.plist;
				LD_RUNPATH_SEARCH_PATHS = "$(inherited) @executable_path/../Frameworks @loader_path/../Frameworks";
				PRODUCT_BUNDLE_IDENTIFIER = com.chutong.www.ServeTests;
				PRODUCT_NAME = "$(TARGET_NAME)";
				SWIFT_VERSION = 3.0;
				TEST_HOST = "$(BUILT_PRODUCTS_DIR)/Serve.app/Contents/MacOS/Serve";
			};
			name = Debug;
		};
		09029D2F1ECAE657004EE3B0 /* Release */ = {
			isa = XCBuildConfiguration;
			buildSettings = {
				ALWAYS_EMBED_SWIFT_STANDARD_LIBRARIES = YES;
				BUNDLE_LOADER = "$(TEST_HOST)";
				COMBINE_HIDPI_IMAGES = YES;
				DEVELOPMENT_TEAM = T6FCKHRT95;
				INFOPLIST_FILE = ServeTests/Info.plist;
				LD_RUNPATH_SEARCH_PATHS = "$(inherited) @executable_path/../Frameworks @loader_path/../Frameworks";
				PRODUCT_BUNDLE_IDENTIFIER = com.chutong.www.ServeTests;
				PRODUCT_NAME = "$(TARGET_NAME)";
				SWIFT_VERSION = 3.0;
				TEST_HOST = "$(BUILT_PRODUCTS_DIR)/Serve.app/Contents/MacOS/Serve";
			};
			name = Release;
		};
		09029D311ECAE657004EE3B0 /* Debug */ = {
			isa = XCBuildConfiguration;
			buildSettings = {
				ALWAYS_EMBED_SWIFT_STANDARD_LIBRARIES = YES;
				COMBINE_HIDPI_IMAGES = YES;
				DEVELOPMENT_TEAM = T6FCKHRT95;
				INFOPLIST_FILE = ServeUITests/Info.plist;
				LD_RUNPATH_SEARCH_PATHS = "$(inherited) @executable_path/../Frameworks @loader_path/../Frameworks";
				PRODUCT_BUNDLE_IDENTIFIER = com.chutong.www.ServeUITests;
				PRODUCT_NAME = "$(TARGET_NAME)";
				SWIFT_VERSION = 3.0;
				TEST_TARGET_NAME = Serve;
			};
			name = Debug;
		};
		09029D321ECAE657004EE3B0 /* Release */ = {
			isa = XCBuildConfiguration;
			buildSettings = {
				ALWAYS_EMBED_SWIFT_STANDARD_LIBRARIES = YES;
				COMBINE_HIDPI_IMAGES = YES;
				DEVELOPMENT_TEAM = T6FCKHRT95;
				INFOPLIST_FILE = ServeUITests/Info.plist;
				LD_RUNPATH_SEARCH_PATHS = "$(inherited) @executable_path/../Frameworks @loader_path/../Frameworks";
				PRODUCT_BUNDLE_IDENTIFIER = com.chutong.www.ServeUITests;
				PRODUCT_NAME = "$(TARGET_NAME)";
				SWIFT_VERSION = 3.0;
				TEST_TARGET_NAME = Serve;
			};
			name = Release;
		};
/* End XCBuildConfiguration section */

/* Begin XCConfigurationList section */
		09029CFD1ECAE657004EE3B0 /* Build configuration list for PBXProject "Serve" */ = {
			isa = XCConfigurationList;
			buildConfigurations = (
				09029D281ECAE657004EE3B0 /* Debug */,
				09029D291ECAE657004EE3B0 /* Release */,
			);
			defaultConfigurationIsVisible = 0;
			defaultConfigurationName = Release;
		};
		09029D2A1ECAE657004EE3B0 /* Build configuration list for PBXNativeTarget "Serve" */ = {
			isa = XCConfigurationList;
			buildConfigurations = (
				09029D2B1ECAE657004EE3B0 /* Debug */,
				09029D2C1ECAE657004EE3B0 /* Release */,
			);
			defaultConfigurationIsVisible = 0;
			defaultConfigurationName = Release;
		};
		09029D2D1ECAE657004EE3B0 /* Build configuration list for PBXNativeTarget "ServeTests" */ = {
			isa = XCConfigurationList;
			buildConfigurations = (
				09029D2E1ECAE657004EE3B0 /* Debug */,
				09029D2F1ECAE657004EE3B0 /* Release */,
			);
			defaultConfigurationIsVisible = 0;
			defaultConfigurationName = Release;
		};
		09029D301ECAE657004EE3B0 /* Build configuration list for PBXNativeTarget "ServeUITests" */ = {
			isa = XCConfigurationList;
			buildConfigurations = (
				09029D311ECAE657004EE3B0 /* Debug */,
				09029D321ECAE657004EE3B0 /* Release */,
			);
			defaultConfigurationIsVisible = 0;
			defaultConfigurationName = Release;
		};
/* End XCConfigurationList section */

/* Begin XCVersionGroup section */
		09029D091ECAE657004EE3B0 /* Serve.xcdatamodeld */ = {
			isa = XCVersionGroup;
			children = (
				09029D0A1ECAE657004EE3B0 /* Serve.xcdatamodel */,
			);
			currentVersion = 09029D0A1ECAE657004EE3B0 /* Serve.xcdatamodel */;
			path = Serve.xcdatamodeld;
			sourceTree = "<group>";
			versionGroupType = wrapper.xcdatamodel;
		};
/* End XCVersionGroup section */
	};
	rootObject = 09029CFA1ECAE657004EE3B0 /* Project object */;
}
